
Microsoft Visual Studio Solution File, Format Version 12.00
# Visual Studio Version 16
VisualStudioVersion = 16.0.31019.35
MinimumVisualStudioVersion = 10.0.40219.1
Project("{9A19103F-16F7-4668-BE54-9A1E7A4F7556}") = "KampIntro2", "KampIntro2\KampIntro2.csproj", "{F1E5655C-4A75-4C37-B59F-C9874F2B8197}"
EndProject
Project("{9A19103F-16F7-4668-BE54-9A1E7A4F7556}") = "Donguler", "Donguler\Donguler.csproj", "{CBBC9486-BBFB-40F4-905F-7B5A511AD7F0}"
EndProject
Project("{9A19103F-16F7-4668-BE54-9A1E7A4F7556}") = "ClassIntro", "ClassIntro\ClassIntro.csproj", "{D0062024-6C98-44AB-B5DF-0C08B91513F0}"
EndProject
Project("{9A19103F-16F7-4668-BE54-9A1E7A4F7556}") = "Metotlar", "Metotlar\Metotlar.csproj", "{CD3942F8-7F8D-4EB7-81A5-82A19B8C5B32}"
EndProject
Project("{9A19103F-16F7-4668-BE54-9A1E7A4F7556}") = "Matematik", "Matematik\Matematik.csproj", "{263162EE-AFD0-4AD2-9787-91C5EB6EC677}"
EndProject
Project("{9A19103F-16F7-4668-BE54-9A1E7A4F7556}") = "Day2HW6", "Day2HW6\Day2HW6.csproj", "{8D34591B-804C-47CE-B73A-962BF7662241}"
EndProject
Project("{9A19103F-16F7-4668-BE54-9A1E7A4F7556}") = "DegerVeReferansTipleri", "DegerVeReferansTipleri\DegerVeReferansTipleri.csproj", "{21B3686F-FB8D-4A04-8769-D9187A599BAC}"
EndProject
Project("{9A19103F-16F7-4668-BE54-9A1E7A4F7556}") = "Day3HW1", "Day3HW1\Day3HW1.csproj", "{7AD23174-76EE-4E4F-8A5C-BB27138E26E6}"
EndProject
Project("{9A19103F-16F7-4668-BE54-9A1E7A4F7556}") = "OOP1", "OOP1\OOP1.csproj", "{1AC7EBE0-5F88-4DF6-B6E5-4814FD079143}"
EndProject
Project("{9A19103F-16F7-4668-BE54-9A1E7A4F7556}") = "Koleksiyonlar", "Koleksiyonlar\Koleksiyonlar.csproj", "{119BE4F6-519F-4014-810A-515B33290477}"
EndProject
Project("{9A19103F-16F7-4668-BE54-9A1E7A4F7556}") = "GenericsIntro", "GenericsIntro\GenericsIntro.csproj", "{27FE0598-5E56-47E0-84B4-2C084EBC32C9}"
EndProject
Project("{9A19103F-16F7-4668-BE54-9A1E7A4F7556}") = "ReferenceTypes", "ReferenceTypes\ReferenceTypes.csproj", "{3B7A5538-BE2F-4C23-9607-F51BAAACE7DC}"
EndProject
Project("{9A19103F-16F7-4668-BE54-9A1E7A4F7556}") = "Constructors", "Constructors\Constructors.csproj", "{4ABAB950-EBDC-4E48-B496-C6DFB9147F12}"
EndProject
Project("{9A19103F-16F7-4668-BE54-9A1E7A4F7556}") = "Generics", "Generics\Generics.csproj", "{2BCE61A7-A067-4FAD-834C-1B71CBD6C71B}"
EndProject
Project("{9A19103F-16F7-4668-BE54-9A1E7A4F7556}") = "OOP2", "OOP2\OOP2.csproj", "{68672350-E514-4A61-ADD1-D6B841462066}"
EndProject
Project("{FAE04EC0-301F-11D3-BF4B-00C04F79EFBC}") = "OOP3", "OOP3\OOP3.csproj", "{13ED5A03-771A-421D-A242-6F412FE69670}"
EndProject
Global
	GlobalSection(SolutionConfigurationPlatforms) = preSolution
		Debug|Any CPU = Debug|Any CPU
		Release|Any CPU = Release|Any CPU
	EndGlobalSection
	GlobalSection(ProjectConfigurationPlatforms) = postSolution
		{F1E5655C-4A75-4C37-B59F-C9874F2B8197}.Debug|Any CPU.ActiveCfg = Debug|Any CPU
		{F1E5655C-4A75-4C37-B59F-C9874F2B8197}.Debug|Any CPU.Build.0 = Debug|Any CPU
		{F1E5655C-4A75-4C37-B59F-C9874F2B8197}.Release|Any CPU.ActiveCfg = Release|Any CPU
		{F1E5655C-4A75-4C37-B59F-C9874F2B8197}.Release|Any CPU.Build.0 = Release|Any CPU
		{CBBC9486-BBFB-40F4-905F-7B5A511AD7F0}.Debug|Any CPU.ActiveCfg = Debug|Any CPU
		{CBBC9486-BBFB-40F4-905F-7B5A511AD7F0}.Debug|Any CPU.Build.0 = Debug|Any CPU
		{CBBC9486-BBFB-40F4-905F-7B5A511AD7F0}.Release|Any CPU.ActiveCfg = Release|Any CPU
		{CBBC9486-BBFB-40F4-905F-7B5A511AD7F0}.Release|Any CPU.Build.0 = Release|Any CPU
		{D0062024-6C98-44AB-B5DF-0C08B91513F0}.Debug|Any CPU.ActiveCfg = Debug|Any CPU
		{D0062024-6C98-44AB-B5DF-0C08B91513F0}.Debug|Any CPU.Build.0 = Debug|Any CPU
		{D0062024-6C98-44AB-B5DF-0C08B91513F0}.Release|Any CPU.ActiveCfg = Release|Any CPU
		{D0062024-6C98-44AB-B5DF-0C08B91513F0}.Release|Any CPU.Build.0 = Release|Any CPU
		{CD3942F8-7F8D-4EB7-81A5-82A19B8C5B32}.Debug|Any CPU.ActiveCfg = Debug|Any CPU
		{CD3942F8-7F8D-4EB7-81A5-82A19B8C5B32}.Debug|Any CPU.Build.0 = Debug|Any CPU
		{CD3942F8-7F8D-4EB7-81A5-82A19B8C5B32}.Release|Any CPU.ActiveCfg = Release|Any CPU
		{CD3942F8-7F8D-4EB7-81A5-82A19B8C5B32}.Release|Any CPU.Build.0 = Release|Any CPU
		{263162EE-AFD0-4AD2-9787-91C5EB6EC677}.Debug|Any CPU.ActiveCfg = Debug|Any CPU
		{263162EE-AFD0-4AD2-9787-91C5EB6EC677}.Debug|Any CPU.Build.0 = Debug|Any CPU
		{263162EE-AFD0-4AD2-9787-91C5EB6EC677}.Release|Any CPU.ActiveCfg = Release|Any CPU
		{263162EE-AFD0-4AD2-9787-91C5EB6EC677}.Release|Any CPU.Build.0 = Release|Any CPU
		{8D34591B-804C-47CE-B73A-962BF7662241}.Debug|Any CPU.ActiveCfg = Debug|Any CPU
		{8D34591B-804C-47CE-B73A-962BF7662241}.Debug|Any CPU.Build.0 = Debug|Any CPU
		{8D34591B-804C-47CE-B73A-962BF7662241}.Release|Any CPU.ActiveCfg = Release|Any CPU
		{8D34591B-804C-47CE-B73A-962BF7662241}.Release|Any CPU.Build.0 = Release|Any CPU
		{21B3686F-FB8D-4A04-8769-D9187A599BAC}.Debug|Any CPU.ActiveCfg = Debug|Any CPU
		{21B3686F-FB8D-4A04-8769-D9187A599BAC}.Debug|Any CPU.Build.0 = Debug|Any CPU
		{21B3686F-FB8D-4A04-8769-D9187A599BAC}.Release|Any CPU.ActiveCfg = Release|Any CPU
		{21B3686F-FB8D-4A04-8769-D9187A599BAC}.Release|Any CPU.Build.0 = Release|Any CPU
		{7AD23174-76EE-4E4F-8A5C-BB27138E26E6}.Debug|Any CPU.ActiveCfg = Debug|Any CPU
		{7AD23174-76EE-4E4F-8A5C-BB27138E26E6}.Debug|Any CPU.Build.0 = Debug|Any CPU
		{7AD23174-76EE-4E4F-8A5C-BB27138E26E6}.Release|Any CPU.ActiveCfg = Release|Any CPU
		{7AD23174-76EE-4E4F-8A5C-BB27138E26E6}.Release|Any CPU.Build.0 = Release|Any CPU
		{1AC7EBE0-5F88-4DF6-B6E5-4814FD079143}.Debug|Any CPU.ActiveCfg = Debug|Any CPU
		{1AC7EBE0-5F88-4DF6-B6E5-4814FD079143}.Debug|Any CPU.Build.0 = Debug|Any CPU
		{1AC7EBE0-5F88-4DF6-B6E5-4814FD079143}.Release|Any CPU.ActiveCfg = Release|Any CPU
		{1AC7EBE0-5F88-4DF6-B6E5-4814FD079143}.Release|Any CPU.Build.0 = Release|Any CPU
		{119BE4F6-519F-4014-810A-515B33290477}.Debug|Any CPU.ActiveCfg = Debug|Any CPU
		{119BE4F6-519F-4014-810A-515B33290477}.Debug|Any CPU.Build.0 = Debug|Any CPU
		{119BE4F6-519F-4014-810A-515B33290477}.Release|Any CPU.ActiveCfg = Release|Any CPU
		{119BE4F6-519F-4014-810A-515B33290477}.Release|Any CPU.Build.0 = Release|Any CPU
		{27FE0598-5E56-47E0-84B4-2C084EBC32C9}.Debug|Any CPU.ActiveCfg = Debug|Any CPU
		{27FE0598-5E56-47E0-84B4-2C084EBC32C9}.Debug|Any CPU.Build.0 = Debug|Any CPU
		{27FE0598-5E56-47E0-84B4-2C084EBC32C9}.Release|Any CPU.ActiveCfg = Release|Any CPU
		{27FE0598-5E56-47E0-84B4-2C084EBC32C9}.Release|Any CPU.Build.0 = Release|Any CPU
		{3B7A5538-BE2F-4C23-9607-F51BAAACE7DC}.Debug|Any CPU.ActiveCfg = Debug|Any CPU
		{3B7A5538-BE2F-4C23-9607-F51BAAACE7DC}.Debug|Any CPU.Build.0 = Debug|Any CPU
		{3B7A5538-BE2F-4C23-9607-F51BAAACE7DC}.Release|Any CPU.ActiveCfg = Release|Any CPU
		{3B7A5538-BE2F-4C23-9607-F51BAAACE7DC}.Release|Any CPU.Build.0 = Release|Any CPU
		{4ABAB950-EBDC-4E48-B496-C6DFB9147F12}.Debug|Any CPU.ActiveCfg = Debug|Any CPU
		{4ABAB950-EBDC-4E48-B496-C6DFB9147F12}.Debug|Any CPU.Build.0 = Debug|Any CPU
		{4ABAB950-EBDC-4E48-B496-C6DFB9147F12}.Release|Any CPU.ActiveCfg = Release|Any CPU
		{4ABAB950-EBDC-4E48-B496-C6DFB9147F12}.Release|Any CPU.Build.0 = Release|Any CPU
		{2BCE61A7-A067-4FAD-834C-1B71CBD6C71B}.Debug|Any CPU.ActiveCfg = Debug|Any CPU
		{2BCE61A7-A067-4FAD-834C-1B71CBD6C71B}.Debug|Any CPU.Build.0 = Debug|Any CPU
		{2BCE61A7-A067-4FAD-834C-1B71CBD6C71B}.Release|Any CPU.ActiveCfg = Release|Any CPU
		{2BCE61A7-A067-4FAD-834C-1B71CBD6C71B}.Release|Any CPU.Build.0 = Release|Any CPU
		{68672350-E514-4A61-ADD1-D6B841462066}.Debug|Any CPU.ActiveCfg = Debug|Any CPU
		{68672350-E514-4A61-ADD1-D6B841462066}.Debug|Any CPU.Build.0 = Debug|Any CPU
		{68672350-E514-4A61-ADD1-D6B841462066}.Release|Any CPU.ActiveCfg = Release|Any CPU
		{68672350-E514-4A61-ADD1-D6B841462066}.Release|Any CPU.Build.0 = Release|Any CPU
		{13ED5A03-771A-421D-A242-6F412FE69670}.Debug|Any CPU.ActiveCfg = Debug|Any CPU
		{13ED5A03-771A-421D-A242-6F412FE69670}.Debug|Any CPU.Build.0 = Debug|Any CPU
		{13ED5A03-771A-421D-A242-6F412FE69670}.Release|Any CPU.ActiveCfg = Release|Any CPU
		{13ED5A03-771A-421D-A242-6F412FE69670}.Release|Any CPU.Build.0 = Release|Any CPU
	EndGlobalSection
	GlobalSection(SolutionProperties) = preSolution
		HideSolutionNode = FALSE
	EndGlobalSection
	GlobalSection(ExtensibilityGlobals) = postSolution
		SolutionGuid = {C474DF10-8A90-4F65-8D35-D79FE34E642D}
	EndGlobalSection
EndGlobal
